// !$*UTF8*$!
{
	archiveVersion = 1;
	classes = {
	};
	objectVersion = 56;
	objects = {

/* Begin PBXBuildFile section */
		51023AC0295456E800C3A7D6 /* LocationDetailView.swift in Sources */ = {isa = PBXBuildFile; fileRef = 51023ABF295456E800C3A7D6 /* LocationDetailView.swift */; };
		51023AC229549B8E00C3A7D6 /* LocationCell.swift in Sources */ = {isa = PBXBuildFile; fileRef = 51023AC129549B8E00C3A7D6 /* LocationCell.swift */; };
		51023AC429549BC100C3A7D6 /* AvatarView.swift in Sources */ = {isa = PBXBuildFile; fileRef = 51023AC329549BC100C3A7D6 /* AvatarView.swift */; };
		51023AC62954A2A500C3A7D6 /* CustomModifier.swift in Sources */ = {isa = PBXBuildFile; fileRef = 51023AC52954A2A500C3A7D6 /* CustomModifier.swift */; };
		51023AC82954A2C900C3A7D6 /* View+Ext.swift in Sources */ = {isa = PBXBuildFile; fileRef = 51023AC72954A2C900C3A7D6 /* View+Ext.swift */; };
		51023ACA2954A39A00C3A7D6 /* DDGButton.swift in Sources */ = {isa = PBXBuildFile; fileRef = 51023AC92954A39A00C3A7D6 /* DDGButton.swift */; };
		51023AD22954F52900C3A7D6 /* DDGLocation.swift in Sources */ = {isa = PBXBuildFile; fileRef = 51023AD12954F52900C3A7D6 /* DDGLocation.swift */; };
		51023AD42955913A00C3A7D6 /* DDGProfile.swift in Sources */ = {isa = PBXBuildFile; fileRef = 51023AD32955913A00C3A7D6 /* DDGProfile.swift */; };
		51023AD62955970D00C3A7D6 /* MockData.swift in Sources */ = {isa = PBXBuildFile; fileRef = 51023AD52955970D00C3A7D6 /* MockData.swift */; };
		51023AD92955A34800C3A7D6 /* CloudKitManager.swift in Sources */ = {isa = PBXBuildFile; fileRef = 51023AD82955A34800C3A7D6 /* CloudKitManager.swift */; };
		51023ADB2955A42000C3A7D6 /* Constants.swift in Sources */ = {isa = PBXBuildFile; fileRef = 51023ADA2955A42000C3A7D6 /* Constants.swift */; };
		51023ADD2955A7B900C3A7D6 /* CKRecord+Ext.swift in Sources */ = {isa = PBXBuildFile; fileRef = 51023ADC2955A7B900C3A7D6 /* CKRecord+Ext.swift */; };
		51023ADF2955AFDD00C3A7D6 /* AlerItem.swift in Sources */ = {isa = PBXBuildFile; fileRef = 51023ADE2955AFDD00C3A7D6 /* AlerItem.swift */; };
		51023AE22955B43800C3A7D6 /* LocationMapViewModel.swift in Sources */ = {isa = PBXBuildFile; fileRef = 51023AE12955B43800C3A7D6 /* LocationMapViewModel.swift */; };
		51023AE52955B97000C3A7D6 /* LocationManager.swift in Sources */ = {isa = PBXBuildFile; fileRef = 51023AE42955B97000C3A7D6 /* LocationManager.swift */; };
		51023AE72955D33600C3A7D6 /* CKAsset+Ext.swift in Sources */ = {isa = PBXBuildFile; fileRef = 51023AE62955D33600C3A7D6 /* CKAsset+Ext.swift */; };
		51023AE92955F58700C3A7D6 /* OnboardView.swift in Sources */ = {isa = PBXBuildFile; fileRef = 51023AE82955F58700C3A7D6 /* OnboardView.swift */; };
		51023AEB2955F5BF00C3A7D6 /* LogoView.swift in Sources */ = {isa = PBXBuildFile; fileRef = 51023AEA2955F5BF00C3A7D6 /* LogoView.swift */; };
		51023AEE2955F9B300C3A7D6 /* XDismissButton.swift in Sources */ = {isa = PBXBuildFile; fileRef = 51023AED2955F9B300C3A7D6 /* XDismissButton.swift */; };
		51CFDEF529530B5900C64BA3 /* DubDubGrubApp.swift in Sources */ = {isa = PBXBuildFile; fileRef = 51CFDEF429530B5900C64BA3 /* DubDubGrubApp.swift */; };
		51CFDEF929530B5B00C64BA3 /* Assets.xcassets in Resources */ = {isa = PBXBuildFile; fileRef = 51CFDEF829530B5B00C64BA3 /* Assets.xcassets */; };
		51CFDEFC29530B5B00C64BA3 /* Preview Assets.xcassets in Resources */ = {isa = PBXBuildFile; fileRef = 51CFDEFB29530B5B00C64BA3 /* Preview Assets.xcassets */; };
		51DC929E29531535005C6F5E /* Color+Ext.swift in Sources */ = {isa = PBXBuildFile; fileRef = 51DC929D29531535005C6F5E /* Color+Ext.swift */; };
		51DC92A029531589005C6F5E /* AppTabView.swift in Sources */ = {isa = PBXBuildFile; fileRef = 51DC929F29531589005C6F5E /* AppTabView.swift */; };
		51DC92A2295315C8005C6F5E /* LocationMapView.swift in Sources */ = {isa = PBXBuildFile; fileRef = 51DC92A1295315C8005C6F5E /* LocationMapView.swift */; };
		51DC92A4295315E9005C6F5E /* LocationListView.swift in Sources */ = {isa = PBXBuildFile; fileRef = 51DC92A3295315E9005C6F5E /* LocationListView.swift */; };
		51DC92A6295315F3005C6F5E /* ProfileView.swift in Sources */ = {isa = PBXBuildFile; fileRef = 51DC92A5295315F3005C6F5E /* ProfileView.swift */; };
		51F85FEF2959D79400998D7F /* PhotoPicker.swift in Sources */ = {isa = PBXBuildFile; fileRef = 51F85FEE2959D79400998D7F /* PhotoPicker.swift */; };
/* End PBXBuildFile section */

/* Begin PBXFileReference section */
		51023ABF295456E800C3A7D6 /* LocationDetailView.swift */ = {isa = PBXFileReference; lastKnownFileType = sourcecode.swift; path = LocationDetailView.swift; sourceTree = "<group>"; };
		51023AC129549B8E00C3A7D6 /* LocationCell.swift */ = {isa = PBXFileReference; lastKnownFileType = sourcecode.swift; path = LocationCell.swift; sourceTree = "<group>"; };
		51023AC329549BC100C3A7D6 /* AvatarView.swift */ = {isa = PBXFileReference; lastKnownFileType = sourcecode.swift; path = AvatarView.swift; sourceTree = "<group>"; };
		51023AC52954A2A500C3A7D6 /* CustomModifier.swift */ = {isa = PBXFileReference; lastKnownFileType = sourcecode.swift; path = CustomModifier.swift; sourceTree = "<group>"; };
		51023AC72954A2C900C3A7D6 /* View+Ext.swift */ = {isa = PBXFileReference; lastKnownFileType = sourcecode.swift; path = "View+Ext.swift"; sourceTree = "<group>"; };
		51023AC92954A39A00C3A7D6 /* DDGButton.swift */ = {isa = PBXFileReference; lastKnownFileType = sourcecode.swift; path = DDGButton.swift; sourceTree = "<group>"; };
		51023AD12954F52900C3A7D6 /* DDGLocation.swift */ = {isa = PBXFileReference; lastKnownFileType = sourcecode.swift; path = DDGLocation.swift; sourceTree = "<group>"; };
		51023AD32955913A00C3A7D6 /* DDGProfile.swift */ = {isa = PBXFileReference; lastKnownFileType = sourcecode.swift; path = DDGProfile.swift; sourceTree = "<group>"; };
		51023AD52955970D00C3A7D6 /* MockData.swift */ = {isa = PBXFileReference; lastKnownFileType = sourcecode.swift; path = MockData.swift; sourceTree = "<group>"; };
		51023AD82955A34800C3A7D6 /* CloudKitManager.swift */ = {isa = PBXFileReference; lastKnownFileType = sourcecode.swift; path = CloudKitManager.swift; sourceTree = "<group>"; };
		51023ADA2955A42000C3A7D6 /* Constants.swift */ = {isa = PBXFileReference; lastKnownFileType = sourcecode.swift; path = Constants.swift; sourceTree = "<group>"; };
		51023ADC2955A7B900C3A7D6 /* CKRecord+Ext.swift */ = {isa = PBXFileReference; lastKnownFileType = sourcecode.swift; path = "CKRecord+Ext.swift"; sourceTree = "<group>"; };
		51023ADE2955AFDD00C3A7D6 /* AlerItem.swift */ = {isa = PBXFileReference; lastKnownFileType = sourcecode.swift; path = AlerItem.swift; sourceTree = "<group>"; };
		51023AE12955B43800C3A7D6 /* LocationMapViewModel.swift */ = {isa = PBXFileReference; lastKnownFileType = sourcecode.swift; path = LocationMapViewModel.swift; sourceTree = "<group>"; };
		51023AE42955B97000C3A7D6 /* LocationManager.swift */ = {isa = PBXFileReference; lastKnownFileType = sourcecode.swift; path = LocationManager.swift; sourceTree = "<group>"; };
		51023AE62955D33600C3A7D6 /* CKAsset+Ext.swift */ = {isa = PBXFileReference; lastKnownFileType = sourcecode.swift; path = "CKAsset+Ext.swift"; sourceTree = "<group>"; };
		51023AE82955F58700C3A7D6 /* OnboardView.swift */ = {isa = PBXFileReference; lastKnownFileType = sourcecode.swift; path = OnboardView.swift; sourceTree = "<group>"; };
		51023AEA2955F5BF00C3A7D6 /* LogoView.swift */ = {isa = PBXFileReference; lastKnownFileType = sourcecode.swift; path = LogoView.swift; sourceTree = "<group>"; };
		51023AED2955F9B300C3A7D6 /* XDismissButton.swift */ = {isa = PBXFileReference; lastKnownFileType = sourcecode.swift; path = XDismissButton.swift; sourceTree = "<group>"; };
		51CFDEF129530B5900C64BA3 /* DubDubGrub.app */ = {isa = PBXFileReference; explicitFileType = wrapper.application; includeInIndex = 0; path = DubDubGrub.app; sourceTree = BUILT_PRODUCTS_DIR; };
		51CFDEF429530B5900C64BA3 /* DubDubGrubApp.swift */ = {isa = PBXFileReference; lastKnownFileType = sourcecode.swift; path = DubDubGrubApp.swift; sourceTree = "<group>"; };
		51CFDEF829530B5B00C64BA3 /* Assets.xcassets */ = {isa = PBXFileReference; lastKnownFileType = folder.assetcatalog; path = Assets.xcassets; sourceTree = "<group>"; };
		51CFDEFB29530B5B00C64BA3 /* Preview Assets.xcassets */ = {isa = PBXFileReference; lastKnownFileType = folder.assetcatalog; path = "Preview Assets.xcassets"; sourceTree = "<group>"; };
		51DC929C29531389005C6F5E /* DubDubGrub.entitlements */ = {isa = PBXFileReference; lastKnownFileType = text.plist.entitlements; path = DubDubGrub.entitlements; sourceTree = "<group>"; };
		51DC929D29531535005C6F5E /* Color+Ext.swift */ = {isa = PBXFileReference; lastKnownFileType = sourcecode.swift; path = "Color+Ext.swift"; sourceTree = "<group>"; };
		51DC929F29531589005C6F5E /* AppTabView.swift */ = {isa = PBXFileReference; lastKnownFileType = sourcecode.swift; path = AppTabView.swift; sourceTree = "<group>"; };
		51DC92A1295315C8005C6F5E /* LocationMapView.swift */ = {isa = PBXFileReference; lastKnownFileType = sourcecode.swift; path = LocationMapView.swift; sourceTree = "<group>"; };
		51DC92A3295315E9005C6F5E /* LocationListView.swift */ = {isa = PBXFileReference; lastKnownFileType = sourcecode.swift; path = LocationListView.swift; sourceTree = "<group>"; };
		51DC92A5295315F3005C6F5E /* ProfileView.swift */ = {isa = PBXFileReference; lastKnownFileType = sourcecode.swift; path = ProfileView.swift; sourceTree = "<group>"; };
		51F85FEE2959D79400998D7F /* PhotoPicker.swift */ = {isa = PBXFileReference; lastKnownFileType = sourcecode.swift; path = PhotoPicker.swift; sourceTree = "<group>"; };
/* End PBXFileReference section */

/* Begin PBXFrameworksBuildPhase section */
		51CFDEEE29530B5900C64BA3 /* Frameworks */ = {
			isa = PBXFrameworksBuildPhase;
			buildActionMask = 2147483647;
			files = (
			);
			runOnlyForDeploymentPostprocessing = 0;
		};
/* End PBXFrameworksBuildPhase section */

/* Begin PBXGroup section */
		51023ACB2954A81F00C3A7D6 /* Extensions */ = {
			isa = PBXGroup;
			children = (
				51023AC72954A2C900C3A7D6 /* View+Ext.swift */,
				51DC929D29531535005C6F5E /* Color+Ext.swift */,
				51023ADC2955A7B900C3A7D6 /* CKRecord+Ext.swift */,
				51023AE62955D33600C3A7D6 /* CKAsset+Ext.swift */,
			);
			path = Extensions;
			sourceTree = "<group>";
		};
		51023ACC2954A83900C3A7D6 /* Views */ = {
			isa = PBXGroup;
			children = (
				51023AC52954A2A500C3A7D6 /* CustomModifier.swift */,
				51023ACF2954A8A200C3A7D6 /* CustomViews */,
				51023ACE2954A88E00C3A7D6 /* Cells */,
				51023ACD2954A83F00C3A7D6 /* Screens */,
			);
			path = Views;
			sourceTree = "<group>";
		};
		51023ACD2954A83F00C3A7D6 /* Screens */ = {
			isa = PBXGroup;
			children = (
				51023AE02955B42300C3A7D6 /* LocationMapView */,
				51DC929F29531589005C6F5E /* AppTabView.swift */,
				51023ABF295456E800C3A7D6 /* LocationDetailView.swift */,
				51DC92A3295315E9005C6F5E /* LocationListView.swift */,
				51DC92A5295315F3005C6F5E /* ProfileView.swift */,
				51023AE82955F58700C3A7D6 /* OnboardView.swift */,
			);
			path = Screens;
			sourceTree = "<group>";
		};
		51023ACE2954A88E00C3A7D6 /* Cells */ = {
			isa = PBXGroup;
			children = (
				51023AC129549B8E00C3A7D6 /* LocationCell.swift */,
			);
			name = Cells;
			sourceTree = "<group>";
		};
		51023ACF2954A8A200C3A7D6 /* CustomViews */ = {
			isa = PBXGroup;
			children = (
				51F85FED2959D72D00998D7F /* UIKit Components */,
				51023AEC2955F9A400C3A7D6 /* Buttons */,
				51023AC329549BC100C3A7D6 /* AvatarView.swift */,
				51023AEA2955F5BF00C3A7D6 /* LogoView.swift */,
			);
			path = CustomViews;
			sourceTree = "<group>";
		};
		51023AD02954F51800C3A7D6 /* Model */ = {
			isa = PBXGroup;
			children = (
				51023AD12954F52900C3A7D6 /* DDGLocation.swift */,
				51023AD32955913A00C3A7D6 /* DDGProfile.swift */,
				51023AD52955970D00C3A7D6 /* MockData.swift */,
			);
			path = Model;
			sourceTree = "<group>";
		};
		51023AD72955A31000C3A7D6 /* Utilities */ = {
			isa = PBXGroup;
			children = (
				51023AE32955B95F00C3A7D6 /* Managers */,
				51023ACB2954A81F00C3A7D6 /* Extensions */,
				51023AD82955A34800C3A7D6 /* CloudKitManager.swift */,
				51023ADA2955A42000C3A7D6 /* Constants.swift */,
				51023ADE2955AFDD00C3A7D6 /* AlerItem.swift */,
			);
			path = Utilities;
			sourceTree = "<group>";
		};
		51023AE02955B42300C3A7D6 /* LocationMapView */ = {
			isa = PBXGroup;
			children = (
				51023AE12955B43800C3A7D6 /* LocationMapViewModel.swift */,
				51DC92A1295315C8005C6F5E /* LocationMapView.swift */,
			);
			path = LocationMapView;
			sourceTree = "<group>";
		};
		51023AE32955B95F00C3A7D6 /* Managers */ = {
			isa = PBXGroup;
			children = (
				51023AE42955B97000C3A7D6 /* LocationManager.swift */,
			);
			path = Managers;
			sourceTree = "<group>";
		};
		51023AEC2955F9A400C3A7D6 /* Buttons */ = {
			isa = PBXGroup;
			children = (
				51023AED2955F9B300C3A7D6 /* XDismissButton.swift */,
				51023AC92954A39A00C3A7D6 /* DDGButton.swift */,
			);
			path = Buttons;
			sourceTree = "<group>";
		};
		51CFDEE829530B5900C64BA3 = {
			isa = PBXGroup;
			children = (
				51CFDEF329530B5900C64BA3 /* DubDubGrub */,
				51CFDEF229530B5900C64BA3 /* Products */,
			);
			sourceTree = "<group>";
		};
		51CFDEF229530B5900C64BA3 /* Products */ = {
			isa = PBXGroup;
			children = (
				51CFDEF129530B5900C64BA3 /* DubDubGrub.app */,
			);
			name = Products;
			sourceTree = "<group>";
		};
		51CFDEF329530B5900C64BA3 /* DubDubGrub */ = {
			isa = PBXGroup;
			children = (
				51023AD72955A31000C3A7D6 /* Utilities */,
				51023AD02954F51800C3A7D6 /* Model */,
				51023ACC2954A83900C3A7D6 /* Views */,
				51DC929C29531389005C6F5E /* DubDubGrub.entitlements */,
				51CFDEF429530B5900C64BA3 /* DubDubGrubApp.swift */,
				51CFDEF829530B5B00C64BA3 /* Assets.xcassets */,
				51CFDEFA29530B5B00C64BA3 /* Preview Content */,
			);
			path = DubDubGrub;
			sourceTree = "<group>";
		};
		51CFDEFA29530B5B00C64BA3 /* Preview Content */ = {
			isa = PBXGroup;
			children = (
				51CFDEFB29530B5B00C64BA3 /* Preview Assets.xcassets */,
			);
			path = "Preview Content";
			sourceTree = "<group>";
		};
		51F85FED2959D72D00998D7F /* UIKit Components */ = {
			isa = PBXGroup;
			children = (
				51F85FEE2959D79400998D7F /* PhotoPicker.swift */,
			);
			path = "UIKit Components";
			sourceTree = "<group>";
		};
/* End PBXGroup section */

/* Begin PBXNativeTarget section */
		51CFDEF029530B5900C64BA3 /* DubDubGrub */ = {
			isa = PBXNativeTarget;
			buildConfigurationList = 51CFDEFF29530B5B00C64BA3 /* Build configuration list for PBXNativeTarget "DubDubGrub" */;
			buildPhases = (
				51CFDEED29530B5900C64BA3 /* Sources */,
				51CFDEEE29530B5900C64BA3 /* Frameworks */,
				51CFDEEF29530B5900C64BA3 /* Resources */,
			);
			buildRules = (
			);
			dependencies = (
			);
			name = DubDubGrub;
			productName = DubDubGrub;
			productReference = 51CFDEF129530B5900C64BA3 /* DubDubGrub.app */;
			productType = "com.apple.product-type.application";
		};
/* End PBXNativeTarget section */

/* Begin PBXProject section */
		51CFDEE929530B5900C64BA3 /* Project object */ = {
			isa = PBXProject;
			attributes = {
				BuildIndependentTargetsInParallel = 1;
				LastSwiftUpdateCheck = 1420;
				LastUpgradeCheck = 1420;
				TargetAttributes = {
					51CFDEF029530B5900C64BA3 = {
						CreatedOnToolsVersion = 14.2;
					};
				};
			};
			buildConfigurationList = 51CFDEEC29530B5900C64BA3 /* Build configuration list for PBXProject "DubDubGrub" */;
			compatibilityVersion = "Xcode 14.0";
			developmentRegion = en;
			hasScannedForEncodings = 0;
			knownRegions = (
				en,
				Base,
			);
			mainGroup = 51CFDEE829530B5900C64BA3;
			productRefGroup = 51CFDEF229530B5900C64BA3 /* Products */;
			projectDirPath = "";
			projectRoot = "";
			targets = (
				51CFDEF029530B5900C64BA3 /* DubDubGrub */,
			);
		};
/* End PBXProject section */

/* Begin PBXResourcesBuildPhase section */
		51CFDEEF29530B5900C64BA3 /* Resources */ = {
			isa = PBXResourcesBuildPhase;
			buildActionMask = 2147483647;
			files = (
				51CFDEFC29530B5B00C64BA3 /* Preview Assets.xcassets in Resources */,
				51CFDEF929530B5B00C64BA3 /* Assets.xcassets in Resources */,
			);
			runOnlyForDeploymentPostprocessing = 0;
		};
/* End PBXResourcesBuildPhase section */

/* Begin PBXSourcesBuildPhase section */
		51CFDEED29530B5900C64BA3 /* Sources */ = {
			isa = PBXSourcesBuildPhase;
			buildActionMask = 2147483647;
			files = (
				51CFDEF529530B5900C64BA3 /* DubDubGrubApp.swift in Sources */,
				51023ADB2955A42000C3A7D6 /* Constants.swift in Sources */,
				51023AC62954A2A500C3A7D6 /* CustomModifier.swift in Sources */,
				51DC92A2295315C8005C6F5E /* LocationMapView.swift in Sources */,
				51DC92A4295315E9005C6F5E /* LocationListView.swift in Sources */,
				51023AD62955970D00C3A7D6 /* MockData.swift in Sources */,
				51023AC0295456E800C3A7D6 /* LocationDetailView.swift in Sources */,
				51023AD42955913A00C3A7D6 /* DDGProfile.swift in Sources */,
				51023AD22954F52900C3A7D6 /* DDGLocation.swift in Sources */,
				51DC92A029531589005C6F5E /* AppTabView.swift in Sources */,
				51F85FEF2959D79400998D7F /* PhotoPicker.swift in Sources */,
				51DC92A6295315F3005C6F5E /* ProfileView.swift in Sources */,
				51023AD92955A34800C3A7D6 /* CloudKitManager.swift in Sources */,
				51023AC82954A2C900C3A7D6 /* View+Ext.swift in Sources */,
				51023AEB2955F5BF00C3A7D6 /* LogoView.swift in Sources */,
				51023AEE2955F9B300C3A7D6 /* XDismissButton.swift in Sources */,
				51023AC229549B8E00C3A7D6 /* LocationCell.swift in Sources */,
				51023ADD2955A7B900C3A7D6 /* CKRecord+Ext.swift in Sources */,
				51023ACA2954A39A00C3A7D6 /* DDGButton.swift in Sources */,
				51023AE22955B43800C3A7D6 /* LocationMapViewModel.swift in Sources */,
				51023AE52955B97000C3A7D6 /* LocationManager.swift in Sources */,
				51023AE72955D33600C3A7D6 /* CKAsset+Ext.swift in Sources */,
				51023AE92955F58700C3A7D6 /* OnboardView.swift in Sources */,
				51023AC429549BC100C3A7D6 /* AvatarView.swift in Sources */,
				51DC929E29531535005C6F5E /* Color+Ext.swift in Sources */,
				51023ADF2955AFDD00C3A7D6 /* AlerItem.swift in Sources */,
			);
			runOnlyForDeploymentPostprocessing = 0;
		};
/* End PBXSourcesBuildPhase section */

/* Begin XCBuildConfiguration section */
		51CFDEFD29530B5B00C64BA3 /* Debug */ = {
			isa = XCBuildConfiguration;
			buildSettings = {
				ALWAYS_SEARCH_USER_PATHS = NO;
				CLANG_ANALYZER_NONNULL = YES;
				CLANG_ANALYZER_NUMBER_OBJECT_CONVERSION = YES_AGGRESSIVE;
				CLANG_CXX_LANGUAGE_STANDARD = "gnu++20";
				CLANG_ENABLE_MODULES = YES;
				CLANG_ENABLE_OBJC_ARC = YES;
				CLANG_ENABLE_OBJC_WEAK = YES;
				CLANG_WARN_BLOCK_CAPTURE_AUTORELEASING = YES;
				CLANG_WARN_BOOL_CONVERSION = YES;
				CLANG_WARN_COMMA = YES;
				CLANG_WARN_CONSTANT_CONVERSION = YES;
				CLANG_WARN_DEPRECATED_OBJC_IMPLEMENTATIONS = YES;
				CLANG_WARN_DIRECT_OBJC_ISA_USAGE = YES_ERROR;
				CLANG_WARN_DOCUMENTATION_COMMENTS = YES;
				CLANG_WARN_EMPTY_BODY = YES;
				CLANG_WARN_ENUM_CONVERSION = YES;
				CLANG_WARN_INFINITE_RECURSION = YES;
				CLANG_WARN_INT_CONVERSION = YES;
				CLANG_WARN_NON_LITERAL_NULL_CONVERSION = YES;
				CLANG_WARN_OBJC_IMPLICIT_RETAIN_SELF = YES;
				CLANG_WARN_OBJC_LITERAL_CONVERSION = YES;
				CLANG_WARN_OBJC_ROOT_CLASS = YES_ERROR;
				CLANG_WARN_QUOTED_INCLUDE_IN_FRAMEWORK_HEADER = YES;
				CLANG_WARN_RANGE_LOOP_ANALYSIS = YES;
				CLANG_WARN_STRICT_PROTOTYPES = YES;
				CLANG_WARN_SUSPICIOUS_MOVE = YES;
				CLANG_WARN_UNGUARDED_AVAILABILITY = YES_AGGRESSIVE;
				CLANG_WARN_UNREACHABLE_CODE = YES;
				CLANG_WARN__DUPLICATE_METHOD_MATCH = YES;
				COPY_PHASE_STRIP = NO;
				DEBUG_INFORMATION_FORMAT = dwarf;
				ENABLE_STRICT_OBJC_MSGSEND = YES;
				ENABLE_TESTABILITY = YES;
				GCC_C_LANGUAGE_STANDARD = gnu11;
				GCC_DYNAMIC_NO_PIC = NO;
				GCC_NO_COMMON_BLOCKS = YES;
				GCC_OPTIMIZATION_LEVEL = 0;
				GCC_PREPROCESSOR_DEFINITIONS = (
					"DEBUG=1",
					"$(inherited)",
				);
				GCC_WARN_64_TO_32_BIT_CONVERSION = YES;
				GCC_WARN_ABOUT_RETURN_TYPE = YES_ERROR;
				GCC_WARN_UNDECLARED_SELECTOR = YES;
				GCC_WARN_UNINITIALIZED_AUTOS = YES_AGGRESSIVE;
				GCC_WARN_UNUSED_FUNCTION = YES;
				GCC_WARN_UNUSED_VARIABLE = YES;
				IPHONEOS_DEPLOYMENT_TARGET = 16.2;
				MTL_ENABLE_DEBUG_INFO = INCLUDE_SOURCE;
				MTL_FAST_MATH = YES;
				ONLY_ACTIVE_ARCH = YES;
				SDKROOT = iphoneos;
				SWIFT_ACTIVE_COMPILATION_CONDITIONS = DEBUG;
				SWIFT_OPTIMIZATION_LEVEL = "-Onone";
			};
			name = Debug;
		};
		51CFDEFE29530B5B00C64BA3 /* Release */ = {
			isa = XCBuildConfiguration;
			buildSettings = {
				ALWAYS_SEARCH_USER_PATHS = NO;
				CLANG_ANALYZER_NONNULL = YES;
				CLANG_ANALYZER_NUMBER_OBJECT_CONVERSION = YES_AGGRESSIVE;
				CLANG_CXX_LANGUAGE_STANDARD = "gnu++20";
				CLANG_ENABLE_MODULES = YES;
				CLANG_ENABLE_OBJC_ARC = YES;
				CLANG_ENABLE_OBJC_WEAK = YES;
				CLANG_WARN_BLOCK_CAPTURE_AUTORELEASING = YES;
				CLANG_WARN_BOOL_CONVERSION = YES;
				CLANG_WARN_COMMA = YES;
				CLANG_WARN_CONSTANT_CONVERSION = YES;
				CLANG_WARN_DEPRECATED_OBJC_IMPLEMENTATIONS = YES;
				CLANG_WARN_DIRECT_OBJC_ISA_USAGE = YES_ERROR;
				CLANG_WARN_DOCUMENTATION_COMMENTS = YES;
				CLANG_WARN_EMPTY_BODY = YES;
				CLANG_WARN_ENUM_CONVERSION = YES;
				CLANG_WARN_INFINITE_RECURSION = YES;
				CLANG_WARN_INT_CONVERSION = YES;
				CLANG_WARN_NON_LITERAL_NULL_CONVERSION = YES;
				CLANG_WARN_OBJC_IMPLICIT_RETAIN_SELF = YES;
				CLANG_WARN_OBJC_LITERAL_CONVERSION = YES;
				CLANG_WARN_OBJC_ROOT_CLASS = YES_ERROR;
				CLANG_WARN_QUOTED_INCLUDE_IN_FRAMEWORK_HEADER = YES;
				CLANG_WARN_RANGE_LOOP_ANALYSIS = YES;
				CLANG_WARN_STRICT_PROTOTYPES = YES;
				CLANG_WARN_SUSPICIOUS_MOVE = YES;
				CLANG_WARN_UNGUARDED_AVAILABILITY = YES_AGGRESSIVE;
				CLANG_WARN_UNREACHABLE_CODE = YES;
				CLANG_WARN__DUPLICATE_METHOD_MATCH = YES;
				COPY_PHASE_STRIP = NO;
				DEBUG_INFORMATION_FORMAT = "dwarf-with-dsym";
				ENABLE_NS_ASSERTIONS = NO;
				ENABLE_STRICT_OBJC_MSGSEND = YES;
				GCC_C_LANGUAGE_STANDARD = gnu11;
				GCC_NO_COMMON_BLOCKS = YES;
				GCC_WARN_64_TO_32_BIT_CONVERSION = YES;
				GCC_WARN_ABOUT_RETURN_TYPE = YES_ERROR;
				GCC_WARN_UNDECLARED_SELECTOR = YES;
				GCC_WARN_UNINITIALIZED_AUTOS = YES_AGGRESSIVE;
				GCC_WARN_UNUSED_FUNCTION = YES;
				GCC_WARN_UNUSED_VARIABLE = YES;
				IPHONEOS_DEPLOYMENT_TARGET = 16.2;
				MTL_ENABLE_DEBUG_INFO = NO;
				MTL_FAST_MATH = YES;
				SDKROOT = iphoneos;
				SWIFT_COMPILATION_MODE = wholemodule;
				SWIFT_OPTIMIZATION_LEVEL = "-O";
				VALIDATE_PRODUCT = YES;
			};
			name = Release;
		};
		51CFDF0029530B5B00C64BA3 /* Debug */ = {
			isa = XCBuildConfiguration;
			buildSettings = {
				ASSETCATALOG_COMPILER_APPICON_NAME = AppIcon;
				ASSETCATALOG_COMPILER_GLOBAL_ACCENT_COLOR_NAME = AccentColor;
				CODE_SIGN_ENTITLEMENTS = DubDubGrub/DubDubGrub.entitlements;
				CODE_SIGN_STYLE = Automatic;
				CURRENT_PROJECT_VERSION = 1;
				DEVELOPMENT_ASSET_PATHS = "\"DubDubGrub/Preview Content\"";
				DEVELOPMENT_TEAM = M45TLH4EY9;
				ENABLE_PREVIEWS = YES;
				GENERATE_INFOPLIST_FILE = YES;
				INFOPLIST_KEY_NSLocationWhenInUseUsageDescription = "Dub Dub Grub uses your location to show where you are in relation to your friends and food.";
				INFOPLIST_KEY_UIApplicationSceneManifest_Generation = YES;
				INFOPLIST_KEY_UIApplicationSupportsIndirectInputEvents = YES;
				INFOPLIST_KEY_UILaunchScreen_Generation = YES;
				INFOPLIST_KEY_UISupportedInterfaceOrientations_iPad = "UIInterfaceOrientationPortrait UIInterfaceOrientationPortraitUpsideDown UIInterfaceOrientationLandscapeLeft UIInterfaceOrientationLandscapeRight";
				INFOPLIST_KEY_UISupportedInterfaceOrientations_iPhone = "UIInterfaceOrientationPortrait UIInterfaceOrientationLandscapeLeft UIInterfaceOrientationLandscapeRight";
				LD_RUNPATH_SEARCH_PATHS = (
					"$(inherited)",
					"@executable_path/Frameworks",
				);
				MARKETING_VERSION = 1.0;
				PRODUCT_BUNDLE_IDENTIFIER = com.artdevelop.DubDubGrub1;
				PRODUCT_NAME = "$(TARGET_NAME)";
				SWIFT_EMIT_LOC_STRINGS = YES;
				SWIFT_VERSION = 5.0;
				TARGETED_DEVICE_FAMILY = "1,2";
			};
			name = Debug;
		};
		51CFDF0129530B5B00C64BA3 /* Release */ = {
			isa = XCBuildConfiguration;
			buildSettings = {
				ASSETCATALOG_COMPILER_APPICON_NAME = AppIcon;
				ASSETCATALOG_COMPILER_GLOBAL_ACCENT_COLOR_NAME = AccentColor;
				CODE_SIGN_ENTITLEMENTS = DubDubGrub/DubDubGrub.entitlements;
				CODE_SIGN_STYLE = Automatic;
				CURRENT_PROJECT_VERSION = 1;
				DEVELOPMENT_ASSET_PATHS = "\"DubDubGrub/Preview Content\"";
				DEVELOPMENT_TEAM = M45TLH4EY9;
				ENABLE_PREVIEWS = YES;
				GENERATE_INFOPLIST_FILE = YES;
				INFOPLIST_KEY_NSLocationWhenInUseUsageDescription = "Dub Dub Grub uses your location to show where you are in relation to your friends and food.";
				INFOPLIST_KEY_UIApplicationSceneManifest_Generation = YES;
				INFOPLIST_KEY_UIApplicationSupportsIndirectInputEvents = YES;
				INFOPLIST_KEY_UILaunchScreen_Generation = YES;
				INFOPLIST_KEY_UISupportedInterfaceOrientations_iPad = "UIInterfaceOrientationPortrait UIInterfaceOrientationPortraitUpsideDown UIInterfaceOrientationLandscapeLeft UIInterfaceOrientationLandscapeRight";
				INFOPLIST_KEY_UISupportedInterfaceOrientations_iPhone = "UIInterfaceOrientationPortrait UIInterfaceOrientationLandscapeLeft UIInterfaceOrientationLandscapeRight";
				LD_RUNPATH_SEARCH_PATHS = (
					"$(inherited)",
					"@executable_path/Frameworks",
				);
				MARKETING_VERSION = 1.0;
				PRODUCT_BUNDLE_IDENTIFIER = com.artdevelop.DubDubGrub1;
				PRODUCT_NAME = "$(TARGET_NAME)";
				SWIFT_EMIT_LOC_STRINGS = YES;
				SWIFT_VERSION = 5.0;
				TARGETED_DEVICE_FAMILY = "1,2";
			};
			name = Release;
		};
/* End XCBuildConfiguration section */

/* Begin XCConfigurationList section */
		51CFDEEC29530B5900C64BA3 /* Build configuration list for PBXProject "DubDubGrub" */ = {
			isa = XCConfigurationList;
			buildConfigurations = (
				51CFDEFD29530B5B00C64BA3 /* Debug */,
				51CFDEFE29530B5B00C64BA3 /* Release */,
			);
			defaultConfigurationIsVisible = 0;
			defaultConfigurationName = Release;
		};
		51CFDEFF29530B5B00C64BA3 /* Build configuration list for PBXNativeTarget "DubDubGrub" */ = {
			isa = XCConfigurationList;
			buildConfigurations = (
				51CFDF0029530B5B00C64BA3 /* Debug */,
				51CFDF0129530B5B00C64BA3 /* Release */,
			);
			defaultConfigurationIsVisible = 0;
			defaultConfigurationName = Release;
		};
/* End XCConfigurationList section */
	};
	rootObject = 51CFDEE929530B5900C64BA3 /* Project object */;
}
